// !$*UTF8*$!
{
	archiveVersion = 1;
	classes = {
	};
	objectVersion = 48;
	objects = {

/* Begin PBXBuildFile section */
		04260C7D20BBB1E200EE5AFF /* ChooseImageCell.xib in Resources */ = {isa = PBXBuildFile; fileRef = 04260C7C20BBB1E200EE5AFF /* ChooseImageCell.xib */; };
		04260C7F20BBB2F200EE5AFF /* ImgCell.xib in Resources */ = {isa = PBXBuildFile; fileRef = 04260C7E20BBB2F200EE5AFF /* ImgCell.xib */; };
		04260C8120BBB4B300EE5AFF /* ShowCardViewController.swift in Sources */ = {isa = PBXBuildFile; fileRef = 04260C8020BBB4B300EE5AFF /* ShowCardViewController.swift */; };
		04260C8620BBF47100EE5AFF /* ChooseImageCell.swift in Sources */ = {isa = PBXBuildFile; fileRef = 04260C8520BBF47100EE5AFF /* ChooseImageCell.swift */; };
		04260C8820BBF80100EE5AFF /* ImgCell.swift in Sources */ = {isa = PBXBuildFile; fileRef = 04260C8720BBF80100EE5AFF /* ImgCell.swift */; };
		04260C8A20BC061800EE5AFF /* GameViewController.swift in Sources */ = {isa = PBXBuildFile; fileRef = 04260C8920BC061800EE5AFF /* GameViewController.swift */; };
		0498418920B2ADCE00447BE9 /* PracticeViewController.swift in Sources */ = {isa = PBXBuildFile; fileRef = 0498418820B2ADCE00447BE9 /* PracticeViewController.swift */; };
		04A5C49520AC085700664884 /* DetailCardViewController.swift in Sources */ = {isa = PBXBuildFile; fileRef = 04A5C49420AC085700664884 /* DetailCardViewController.swift */; };
		40AA97EA3F10D2C1AABF2447 /* Pods_VOCABULARYTests.framework in Frameworks */ = {isa = PBXBuildFile; fileRef = 7C4BC9EB63C5A27EF8B897A9 /* Pods_VOCABULARYTests.framework */; };
		912314C8EEEEF7C48F236A8A /* Pods_VOCABULARYUITests.framework in Frameworks */ = {isa = PBXBuildFile; fileRef = 6AC4CF7EE4F4278D6C56DE9C /* Pods_VOCABULARYUITests.framework */; };
		C3CA52F26A39F64DB6B1BD07 /* Pods_VOCABULARY.framework in Frameworks */ = {isa = PBXBuildFile; fileRef = 8C66109CF4A0D4FF9EA5878A /* Pods_VOCABULARY.framework */; };
		CD86C6BC20A6892500170E04 /* AppDelegate.swift in Sources */ = {isa = PBXBuildFile; fileRef = CD86C6BB20A6892500170E04 /* AppDelegate.swift */; };
		CD86C6BE20A6892500170E04 /* Game5ViewController.swift in Sources */ = {isa = PBXBuildFile; fileRef = CD86C6BD20A6892500170E04 /* Game5ViewController.swift */; };
		CD86C6C120A6892500170E04 /* Main.storyboard in Resources */ = {isa = PBXBuildFile; fileRef = CD86C6BF20A6892500170E04 /* Main.storyboard */; };
		CD86C6C320A6892500170E04 /* Assets.xcassets in Resources */ = {isa = PBXBuildFile; fileRef = CD86C6C220A6892500170E04 /* Assets.xcassets */; };
		CD86C6C620A6892500170E04 /* LaunchScreen.storyboard in Resources */ = {isa = PBXBuildFile; fileRef = CD86C6C420A6892500170E04 /* LaunchScreen.storyboard */; };
		CD86C6D120A6892500170E04 /* VOCABULARYTests.swift in Sources */ = {isa = PBXBuildFile; fileRef = CD86C6D020A6892500170E04 /* VOCABULARYTests.swift */; };
		CD86C6DC20A6892500170E04 /* VOCABULARYUITests.swift in Sources */ = {isa = PBXBuildFile; fileRef = CD86C6DB20A6892500170E04 /* VOCABULARYUITests.swift */; };
		CD988E0620A6BA17001A484C /* APIService.swift in Sources */ = {isa = PBXBuildFile; fileRef = CD988E0520A6BA17001A484C /* APIService.swift */; };
		CD988E0820A6D512001A484C /* GoogleService-Info.plist in Resources */ = {isa = PBXBuildFile; fileRef = CD988E0720A6D511001A484C /* GoogleService-Info.plist */; };
		CD988E0A20A7F123001A484C /* ItemCard.swift in Sources */ = {isa = PBXBuildFile; fileRef = CD988E0920A7F123001A484C /* ItemCard.swift */; };
		CD9EC01320A69CB200C2B076 /* TabMainViewController.swift in Sources */ = {isa = PBXBuildFile; fileRef = CD9EC01220A69CB200C2B076 /* TabMainViewController.swift */; };
		CD9EC01520A6A4CC00C2B076 /* CardWordCell.swift in Sources */ = {isa = PBXBuildFile; fileRef = CD9EC01420A6A4CC00C2B076 /* CardWordCell.swift */; };
		CD9EC01A20A6AD7D00C2B076 /* Extention_UIView.swift in Sources */ = {isa = PBXBuildFile; fileRef = CD9EC01920A6AD7D00C2B076 /* Extention_UIView.swift */; };
		CDA835DC20B17AF300E23F4B /* iAd.framework in Frameworks */ = {isa = PBXBuildFile; fileRef = CDA835DB20B17AF300E23F4B /* iAd.framework */; };
/* End PBXBuildFile section */

/* Begin PBXContainerItemProxy section */
		CD86C6CD20A6892500170E04 /* PBXContainerItemProxy */ = {
			isa = PBXContainerItemProxy;
			containerPortal = CD86C6B020A6892500170E04 /* Project object */;
			proxyType = 1;
			remoteGlobalIDString = CD86C6B720A6892500170E04;
			remoteInfo = VOCABULARY;
		};
		CD86C6D820A6892500170E04 /* PBXContainerItemProxy */ = {
			isa = PBXContainerItemProxy;
			containerPortal = CD86C6B020A6892500170E04 /* Project object */;
			proxyType = 1;
			remoteGlobalIDString = CD86C6B720A6892500170E04;
			remoteInfo = VOCABULARY;
		};
/* End PBXContainerItemProxy section */

/* Begin PBXFileReference section */
		04260C7C20BBB1E200EE5AFF /* ChooseImageCell.xib */ = {isa = PBXFileReference; lastKnownFileType = file.xib; path = ChooseImageCell.xib; sourceTree = "<group>"; };
		04260C7E20BBB2F200EE5AFF /* ImgCell.xib */ = {isa = PBXFileReference; lastKnownFileType = file.xib; path = ImgCell.xib; sourceTree = "<group>"; };
		04260C8020BBB4B300EE5AFF /* ShowCardViewController.swift */ = {isa = PBXFileReference; lastKnownFileType = sourcecode.swift; path = ShowCardViewController.swift; sourceTree = "<group>"; };
		04260C8520BBF47100EE5AFF /* ChooseImageCell.swift */ = {isa = PBXFileReference; lastKnownFileType = sourcecode.swift; path = ChooseImageCell.swift; sourceTree = "<group>"; };
		04260C8720BBF80100EE5AFF /* ImgCell.swift */ = {isa = PBXFileReference; lastKnownFileType = sourcecode.swift; path = ImgCell.swift; sourceTree = "<group>"; };
		04260C8920BC061800EE5AFF /* GameViewController.swift */ = {isa = PBXFileReference; lastKnownFileType = sourcecode.swift; path = GameViewController.swift; sourceTree = "<group>"; };
		0498418820B2ADCE00447BE9 /* PracticeViewController.swift */ = {isa = PBXFileReference; lastKnownFileType = sourcecode.swift; path = PracticeViewController.swift; sourceTree = "<group>"; };
		04A5C49420AC085700664884 /* DetailCardViewController.swift */ = {isa = PBXFileReference; lastKnownFileType = sourcecode.swift; path = DetailCardViewController.swift; sourceTree = "<group>"; };
		349DCB81B5A3287DB539D9AE /* Pods-VOCABULARYTests.debug.xcconfig */ = {isa = PBXFileReference; includeInIndex = 1; lastKnownFileType = text.xcconfig; name = "Pods-VOCABULARYTests.debug.xcconfig"; path = "Pods/Target Support Files/Pods-VOCABULARYTests/Pods-VOCABULARYTests.debug.xcconfig"; sourceTree = "<group>"; };
		5C7DB03A82FD3C96C9FE2795 /* Pods-VOCABULARYUITests.release.xcconfig */ = {isa = PBXFileReference; includeInIndex = 1; lastKnownFileType = text.xcconfig; name = "Pods-VOCABULARYUITests.release.xcconfig"; path = "Pods/Target Support Files/Pods-VOCABULARYUITests/Pods-VOCABULARYUITests.release.xcconfig"; sourceTree = "<group>"; };
		613E54166F6351F9ADDFC3BE /* Pods-VOCABULARYUITests.debug.xcconfig */ = {isa = PBXFileReference; includeInIndex = 1; lastKnownFileType = text.xcconfig; name = "Pods-VOCABULARYUITests.debug.xcconfig"; path = "Pods/Target Support Files/Pods-VOCABULARYUITests/Pods-VOCABULARYUITests.debug.xcconfig"; sourceTree = "<group>"; };
		6AC4CF7EE4F4278D6C56DE9C /* Pods_VOCABULARYUITests.framework */ = {isa = PBXFileReference; explicitFileType = wrapper.framework; includeInIndex = 0; path = Pods_VOCABULARYUITests.framework; sourceTree = BUILT_PRODUCTS_DIR; };
		71C1941DED379D52FE94646D /* Pods-VOCABULARY.debug.xcconfig */ = {isa = PBXFileReference; includeInIndex = 1; lastKnownFileType = text.xcconfig; name = "Pods-VOCABULARY.debug.xcconfig"; path = "Pods/Target Support Files/Pods-VOCABULARY/Pods-VOCABULARY.debug.xcconfig"; sourceTree = "<group>"; };
		7C4BC9EB63C5A27EF8B897A9 /* Pods_VOCABULARYTests.framework */ = {isa = PBXFileReference; explicitFileType = wrapper.framework; includeInIndex = 0; path = Pods_VOCABULARYTests.framework; sourceTree = BUILT_PRODUCTS_DIR; };
		8C66109CF4A0D4FF9EA5878A /* Pods_VOCABULARY.framework */ = {isa = PBXFileReference; explicitFileType = wrapper.framework; includeInIndex = 0; path = Pods_VOCABULARY.framework; sourceTree = BUILT_PRODUCTS_DIR; };
		A03AE48C2254AF030C182D4F /* Pods-VOCABULARYTests.release.xcconfig */ = {isa = PBXFileReference; includeInIndex = 1; lastKnownFileType = text.xcconfig; name = "Pods-VOCABULARYTests.release.xcconfig"; path = "Pods/Target Support Files/Pods-VOCABULARYTests/Pods-VOCABULARYTests.release.xcconfig"; sourceTree = "<group>"; };
		CD86C6B820A6892500170E04 /* VOCABULARY.app */ = {isa = PBXFileReference; explicitFileType = wrapper.application; includeInIndex = 0; path = VOCABULARY.app; sourceTree = BUILT_PRODUCTS_DIR; };
		CD86C6BB20A6892500170E04 /* AppDelegate.swift */ = {isa = PBXFileReference; lastKnownFileType = sourcecode.swift; path = AppDelegate.swift; sourceTree = "<group>"; };
		CD86C6BD20A6892500170E04 /* Game5ViewController.swift */ = {isa = PBXFileReference; lastKnownFileType = sourcecode.swift; path = Game5ViewController.swift; sourceTree = "<group>"; };
		CD86C6C020A6892500170E04 /* Base */ = {isa = PBXFileReference; lastKnownFileType = file.storyboard; name = Base; path = Base.lproj/Main.storyboard; sourceTree = "<group>"; };
		CD86C6C220A6892500170E04 /* Assets.xcassets */ = {isa = PBXFileReference; lastKnownFileType = folder.assetcatalog; path = Assets.xcassets; sourceTree = "<group>"; };
		CD86C6C520A6892500170E04 /* Base */ = {isa = PBXFileReference; lastKnownFileType = file.storyboard; name = Base; path = Base.lproj/LaunchScreen.storyboard; sourceTree = "<group>"; };
		CD86C6C720A6892500170E04 /* Info.plist */ = {isa = PBXFileReference; lastKnownFileType = text.plist.xml; path = Info.plist; sourceTree = "<group>"; };
		CD86C6CC20A6892500170E04 /* VOCABULARYTests.xctest */ = {isa = PBXFileReference; explicitFileType = wrapper.cfbundle; includeInIndex = 0; path = VOCABULARYTests.xctest; sourceTree = BUILT_PRODUCTS_DIR; };
		CD86C6D020A6892500170E04 /* VOCABULARYTests.swift */ = {isa = PBXFileReference; lastKnownFileType = sourcecode.swift; path = VOCABULARYTests.swift; sourceTree = "<group>"; };
		CD86C6D220A6892500170E04 /* Info.plist */ = {isa = PBXFileReference; lastKnownFileType = text.plist.xml; path = Info.plist; sourceTree = "<group>"; };
		CD86C6D720A6892500170E04 /* VOCABULARYUITests.xctest */ = {isa = PBXFileReference; explicitFileType = wrapper.cfbundle; includeInIndex = 0; path = VOCABULARYUITests.xctest; sourceTree = BUILT_PRODUCTS_DIR; };
		CD86C6DB20A6892500170E04 /* VOCABULARYUITests.swift */ = {isa = PBXFileReference; lastKnownFileType = sourcecode.swift; path = VOCABULARYUITests.swift; sourceTree = "<group>"; };
		CD86C6DD20A6892500170E04 /* Info.plist */ = {isa = PBXFileReference; lastKnownFileType = text.plist.xml; path = Info.plist; sourceTree = "<group>"; };
		CD988E0520A6BA17001A484C /* APIService.swift */ = {isa = PBXFileReference; fileEncoding = 4; lastKnownFileType = sourcecode.swift; path = APIService.swift; sourceTree = "<group>"; };
		CD988E0720A6D511001A484C /* GoogleService-Info.plist */ = {isa = PBXFileReference; fileEncoding = 4; lastKnownFileType = text.plist.xml; path = "GoogleService-Info.plist"; sourceTree = "<group>"; };
		CD988E0920A7F123001A484C /* ItemCard.swift */ = {isa = PBXFileReference; lastKnownFileType = sourcecode.swift; path = ItemCard.swift; sourceTree = "<group>"; };
		CD9EC01220A69CB200C2B076 /* TabMainViewController.swift */ = {isa = PBXFileReference; fileEncoding = 4; lastKnownFileType = sourcecode.swift; path = TabMainViewController.swift; sourceTree = "<group>"; };
		CD9EC01420A6A4CC00C2B076 /* CardWordCell.swift */ = {isa = PBXFileReference; fileEncoding = 4; lastKnownFileType = sourcecode.swift; path = CardWordCell.swift; sourceTree = "<group>"; };
		CD9EC01920A6AD7D00C2B076 /* Extention_UIView.swift */ = {isa = PBXFileReference; lastKnownFileType = sourcecode.swift; path = Extention_UIView.swift; sourceTree = "<group>"; };
		CDA835D720B07A1D00E23F4B /* AdSupport.framework */ = {isa = PBXFileReference; lastKnownFileType = wrapper.framework; name = AdSupport.framework; path = System/Library/Frameworks/AdSupport.framework; sourceTree = SDKROOT; };
		CDA835DB20B17AF300E23F4B /* iAd.framework */ = {isa = PBXFileReference; lastKnownFileType = wrapper.framework; name = iAd.framework; path = System/Library/Frameworks/iAd.framework; sourceTree = SDKROOT; };
		D89EA9E4FFE16A1C04C131D8 /* Pods-VOCABULARY.release.xcconfig */ = {isa = PBXFileReference; includeInIndex = 1; lastKnownFileType = text.xcconfig; name = "Pods-VOCABULARY.release.xcconfig"; path = "Pods/Target Support Files/Pods-VOCABULARY/Pods-VOCABULARY.release.xcconfig"; sourceTree = "<group>"; };
/* End PBXFileReference section */

/* Begin PBXFrameworksBuildPhase section */
		CD86C6B520A6892500170E04 /* Frameworks */ = {
			isa = PBXFrameworksBuildPhase;
			buildActionMask = 2147483647;
			files = (
				CDA835DC20B17AF300E23F4B /* iAd.framework in Frameworks */,
				C3CA52F26A39F64DB6B1BD07 /* Pods_VOCABULARY.framework in Frameworks */,
			);
			runOnlyForDeploymentPostprocessing = 0;
		};
		CD86C6C920A6892500170E04 /* Frameworks */ = {
			isa = PBXFrameworksBuildPhase;
			buildActionMask = 2147483647;
			files = (
				40AA97EA3F10D2C1AABF2447 /* Pods_VOCABULARYTests.framework in Frameworks */,
			);
			runOnlyForDeploymentPostprocessing = 0;
		};
		CD86C6D420A6892500170E04 /* Frameworks */ = {
			isa = PBXFrameworksBuildPhase;
			buildActionMask = 2147483647;
			files = (
				912314C8EEEEF7C48F236A8A /* Pods_VOCABULARYUITests.framework in Frameworks */,
			);
			runOnlyForDeploymentPostprocessing = 0;
		};
/* End PBXFrameworksBuildPhase section */

/* Begin PBXGroup section */
		04260C8220BBDBB700EE5AFF /* Game */ = {
			isa = PBXGroup;
			children = (
				04260C8920BC061800EE5AFF /* GameViewController.swift */,
				04260C8420BBF44700EE5AFF /* Cells */,
				0498418820B2ADCE00447BE9 /* PracticeViewController.swift */,
				CD86C6BD20A6892500170E04 /* Game5ViewController.swift */,
			);
			path = Game;
			sourceTree = "<group>";
		};
		04260C8320BBDDA400EE5AFF /* ShowCard */ = {
			isa = PBXGroup;
			children = (
				04260C8020BBB4B300EE5AFF /* ShowCardViewController.swift */,
				04A5C49420AC085700664884 /* DetailCardViewController.swift */,
				CD26AE0620B0108000BA119A /* Cell */,
			);
			path = ShowCard;
			sourceTree = "<group>";
		};
		04260C8420BBF44700EE5AFF /* Cells */ = {
			isa = PBXGroup;
			children = (
				04260C8520BBF47100EE5AFF /* ChooseImageCell.swift */,
				04260C8720BBF80100EE5AFF /* ImgCell.swift */,
			);
			path = Cells;
			sourceTree = "<group>";
		};
		3B825BD4EF9D9F21F0CD4452 /* Frameworks */ = {
			isa = PBXGroup;
			children = (
				CDA835DB20B17AF300E23F4B /* iAd.framework */,
				CDA835D720B07A1D00E23F4B /* AdSupport.framework */,
				8C66109CF4A0D4FF9EA5878A /* Pods_VOCABULARY.framework */,
				7C4BC9EB63C5A27EF8B897A9 /* Pods_VOCABULARYTests.framework */,
				6AC4CF7EE4F4278D6C56DE9C /* Pods_VOCABULARYUITests.framework */,
			);
			name = Frameworks;
			sourceTree = "<group>";
		};
		44408988FE8D61D683480DC5 /* Pods */ = {
			isa = PBXGroup;
			children = (
				71C1941DED379D52FE94646D /* Pods-VOCABULARY.debug.xcconfig */,
				D89EA9E4FFE16A1C04C131D8 /* Pods-VOCABULARY.release.xcconfig */,
				349DCB81B5A3287DB539D9AE /* Pods-VOCABULARYTests.debug.xcconfig */,
				A03AE48C2254AF030C182D4F /* Pods-VOCABULARYTests.release.xcconfig */,
				613E54166F6351F9ADDFC3BE /* Pods-VOCABULARYUITests.debug.xcconfig */,
				5C7DB03A82FD3C96C9FE2795 /* Pods-VOCABULARYUITests.release.xcconfig */,
			);
			name = Pods;
			sourceTree = "<group>";
		};
		CD26AE0620B0108000BA119A /* Cell */ = {
			isa = PBXGroup;
			children = (
				CD9EC01420A6A4CC00C2B076 /* CardWordCell.swift */,
			);
			path = Cell;
			sourceTree = "<group>";
		};
		CD86C6AF20A6892500170E04 = {
			isa = PBXGroup;
			children = (
				CD86C6BA20A6892500170E04 /* VOCABULARY */,
				CD86C6CF20A6892500170E04 /* VOCABULARYTests */,
				CD86C6DA20A6892500170E04 /* VOCABULARYUITests */,
				CD86C6B920A6892500170E04 /* Products */,
				44408988FE8D61D683480DC5 /* Pods */,
				3B825BD4EF9D9F21F0CD4452 /* Frameworks */,
			);
			sourceTree = "<group>";
		};
		CD86C6B920A6892500170E04 /* Products */ = {
			isa = PBXGroup;
			children = (
				CD86C6B820A6892500170E04 /* VOCABULARY.app */,
				CD86C6CC20A6892500170E04 /* VOCABULARYTests.xctest */,
				CD86C6D720A6892500170E04 /* VOCABULARYUITests.xctest */,
			);
			name = Products;
			sourceTree = "<group>";
		};
		CD86C6BA20A6892500170E04 /* VOCABULARY */ = {
			isa = PBXGroup;
			children = (
				CD988E0220A6B9FB001A484C /* Helpers */,
				CD9EC01820A6AD4700C2B076 /* Extentions */,
				CD86C6EC20A68E1E00170E04 /* Others */,
				CD86C6EB20A68DFA00170E04 /* Controllers */,
				CD86C6EA20A6896200170E04 /* Views */,
				CD86C6E920A6895A00170E04 /* Models */,
				CD86C6C720A6892500170E04 /* Info.plist */,
				CD988E0720A6D511001A484C /* GoogleService-Info.plist */,
			);
			path = VOCABULARY;
			sourceTree = "<group>";
		};
		CD86C6CF20A6892500170E04 /* VOCABULARYTests */ = {
			isa = PBXGroup;
			children = (
				CD86C6D020A6892500170E04 /* VOCABULARYTests.swift */,
				CD86C6D220A6892500170E04 /* Info.plist */,
			);
			path = VOCABULARYTests;
			sourceTree = "<group>";
		};
		CD86C6DA20A6892500170E04 /* VOCABULARYUITests */ = {
			isa = PBXGroup;
			children = (
				CD86C6DB20A6892500170E04 /* VOCABULARYUITests.swift */,
				CD86C6DD20A6892500170E04 /* Info.plist */,
			);
			path = VOCABULARYUITests;
			sourceTree = "<group>";
		};
		CD86C6E920A6895A00170E04 /* Models */ = {
			isa = PBXGroup;
			children = (
				CD988E0920A7F123001A484C /* ItemCard.swift */,
			);
			path = Models;
			sourceTree = "<group>";
		};
		CD86C6EA20A6896200170E04 /* Views */ = {
			isa = PBXGroup;
			children = (
				CD86C6BF20A6892500170E04 /* Main.storyboard */,
				04260C7C20BBB1E200EE5AFF /* ChooseImageCell.xib */,
				04260C7E20BBB2F200EE5AFF /* ImgCell.xib */,
			);
			path = Views;
			sourceTree = "<group>";
		};
		CD86C6EB20A68DFA00170E04 /* Controllers */ = {
			isa = PBXGroup;
			children = (
				CD9EC01220A69CB200C2B076 /* TabMainViewController.swift */,
				04260C8320BBDDA400EE5AFF /* ShowCard */,
				04260C8220BBDBB700EE5AFF /* Game */,
			);
			path = Controllers;
			sourceTree = "<group>";
		};
		CD86C6EC20A68E1E00170E04 /* Others */ = {
			isa = PBXGroup;
			children = (
				CD86C6C420A6892500170E04 /* LaunchScreen.storyboard */,
				CD86C6C220A6892500170E04 /* Assets.xcassets */,
				CD86C6BB20A6892500170E04 /* AppDelegate.swift */,
			);
			path = Others;
			sourceTree = "<group>";
		};
		CD988E0220A6B9FB001A484C /* Helpers */ = {
			isa = PBXGroup;
			children = (
				CD988E0520A6BA17001A484C /* APIService.swift */,
			);
			path = Helpers;
			sourceTree = "<group>";
		};
		CD9EC01820A6AD4700C2B076 /* Extentions */ = {
			isa = PBXGroup;
			children = (
				CD9EC01920A6AD7D00C2B076 /* Extention_UIView.swift */,
			);
			path = Extentions;
			sourceTree = "<group>";
		};
/* End PBXGroup section */

/* Begin PBXNativeTarget section */
		CD86C6B720A6892500170E04 /* VOCABULARY */ = {
			isa = PBXNativeTarget;
			buildConfigurationList = CD86C6E020A6892500170E04 /* Build configuration list for PBXNativeTarget "VOCABULARY" */;
			buildPhases = (
				DB16DF2976FF71C25B68F904 /* [CP] Check Pods Manifest.lock */,
				CD86C6B420A6892500170E04 /* Sources */,
				CD86C6B520A6892500170E04 /* Frameworks */,
				CD86C6B620A6892500170E04 /* Resources */,
				1B012FD2B83D9F3652D9FDEB /* [CP] Embed Pods Frameworks */,
				603D0C9B5FBEB073834FDC18 /* [CP] Copy Pods Resources */,
			);
			buildRules = (
			);
			dependencies = (
			);
			name = VOCABULARY;
			productName = VOCABULARY;
			productReference = CD86C6B820A6892500170E04 /* VOCABULARY.app */;
			productType = "com.apple.product-type.application";
		};
		CD86C6CB20A6892500170E04 /* VOCABULARYTests */ = {
			isa = PBXNativeTarget;
			buildConfigurationList = CD86C6E320A6892500170E04 /* Build configuration list for PBXNativeTarget "VOCABULARYTests" */;
			buildPhases = (
				464512C96FA24D25DCEE347B /* [CP] Check Pods Manifest.lock */,
				CD86C6C820A6892500170E04 /* Sources */,
				CD86C6C920A6892500170E04 /* Frameworks */,
				CD86C6CA20A6892500170E04 /* Resources */,
			);
			buildRules = (
			);
			dependencies = (
				CD86C6CE20A6892500170E04 /* PBXTargetDependency */,
			);
			name = VOCABULARYTests;
			productName = VOCABULARYTests;
			productReference = CD86C6CC20A6892500170E04 /* VOCABULARYTests.xctest */;
			productType = "com.apple.product-type.bundle.unit-test";
		};
		CD86C6D620A6892500170E04 /* VOCABULARYUITests */ = {
			isa = PBXNativeTarget;
			buildConfigurationList = CD86C6E620A6892500170E04 /* Build configuration list for PBXNativeTarget "VOCABULARYUITests" */;
			buildPhases = (
				7643473FC38AE9D2F3BFCAD0 /* [CP] Check Pods Manifest.lock */,
				CD86C6D320A6892500170E04 /* Sources */,
				CD86C6D420A6892500170E04 /* Frameworks */,
				CD86C6D520A6892500170E04 /* Resources */,
			);
			buildRules = (
			);
			dependencies = (
				CD86C6D920A6892500170E04 /* PBXTargetDependency */,
			);
			name = VOCABULARYUITests;
			productName = VOCABULARYUITests;
			productReference = CD86C6D720A6892500170E04 /* VOCABULARYUITests.xctest */;
			productType = "com.apple.product-type.bundle.ui-testing";
		};
/* End PBXNativeTarget section */

/* Begin PBXProject section */
		CD86C6B020A6892500170E04 /* Project object */ = {
			isa = PBXProject;
			attributes = {
				LastSwiftUpdateCheck = 0920;
				LastUpgradeCheck = 0930;
				ORGANIZATIONNAME = lehiep;
				TargetAttributes = {
					CD86C6B720A6892500170E04 = {
						CreatedOnToolsVersion = 9.2;
						ProvisioningStyle = Automatic;
					};
					CD86C6CB20A6892500170E04 = {
						CreatedOnToolsVersion = 9.2;
						ProvisioningStyle = Automatic;
						TestTargetID = CD86C6B720A6892500170E04;
					};
					CD86C6D620A6892500170E04 = {
						CreatedOnToolsVersion = 9.2;
						ProvisioningStyle = Automatic;
						TestTargetID = CD86C6B720A6892500170E04;
					};
				};
			};
			buildConfigurationList = CD86C6B320A6892500170E04 /* Build configuration list for PBXProject "VOCABULARY" */;
			compatibilityVersion = "Xcode 8.0";
			developmentRegion = en;
			hasScannedForEncodings = 0;
			knownRegions = (
				en,
				Base,
			);
			mainGroup = CD86C6AF20A6892500170E04;
			productRefGroup = CD86C6B920A6892500170E04 /* Products */;
			projectDirPath = "";
			projectRoot = "";
			targets = (
				CD86C6B720A6892500170E04 /* VOCABULARY */,
				CD86C6CB20A6892500170E04 /* VOCABULARYTests */,
				CD86C6D620A6892500170E04 /* VOCABULARYUITests */,
			);
		};
/* End PBXProject section */

/* Begin PBXResourcesBuildPhase section */
		CD86C6B620A6892500170E04 /* Resources */ = {
			isa = PBXResourcesBuildPhase;
			buildActionMask = 2147483647;
			files = (
				CD86C6C620A6892500170E04 /* LaunchScreen.storyboard in Resources */,
				CD988E0820A6D512001A484C /* GoogleService-Info.plist in Resources */,
				CD86C6C320A6892500170E04 /* Assets.xcassets in Resources */,
				04260C7D20BBB1E200EE5AFF /* ChooseImageCell.xib in Resources */,
				CD86C6C120A6892500170E04 /* Main.storyboard in Resources */,
				04260C7F20BBB2F200EE5AFF /* ImgCell.xib in Resources */,
			);
			runOnlyForDeploymentPostprocessing = 0;
		};
		CD86C6CA20A6892500170E04 /* Resources */ = {
			isa = PBXResourcesBuildPhase;
			buildActionMask = 2147483647;
			files = (
			);
			runOnlyForDeploymentPostprocessing = 0;
		};
		CD86C6D520A6892500170E04 /* Resources */ = {
			isa = PBXResourcesBuildPhase;
			buildActionMask = 2147483647;
			files = (
			);
			runOnlyForDeploymentPostprocessing = 0;
		};
/* End PBXResourcesBuildPhase section */

/* Begin PBXShellScriptBuildPhase section */
		1B012FD2B83D9F3652D9FDEB /* [CP] Embed Pods Frameworks */ = {
			isa = PBXShellScriptBuildPhase;
			buildActionMask = 2147483647;
			files = (
			);
			inputPaths = (
				"${SRCROOT}/Pods/Target Support Files/Pods-VOCABULARY/Pods-VOCABULARY-frameworks.sh",
				"${BUILT_PRODUCTS_DIR}/GTMOAuth2/GTMOAuth2.framework",
				"${BUILT_PRODUCTS_DIR}/GTMSessionFetcher/GTMSessionFetcher.framework",
				"${BUILT_PRODUCTS_DIR}/GoogleAPIClientForREST/GoogleAPIClientForREST.framework",
				"${BUILT_PRODUCTS_DIR}/GoogleToolboxForMac/GoogleToolboxForMac.framework",
				"${BUILT_PRODUCTS_DIR}/MBProgressHUD/MBProgressHUD.framework",
				"${BUILT_PRODUCTS_DIR}/ObjectMapper/ObjectMapper.framework",
				"${BUILT_PRODUCTS_DIR}/SDWebImage/SDWebImage.framework",
				"${BUILT_PRODUCTS_DIR}/SwiftyJSON/SwiftyJSON.framework",
				"${BUILT_PRODUCTS_DIR}/UIImageViewAlignedSwift/UIImageViewAlignedSwift.framework",
				"${BUILT_PRODUCTS_DIR}/youtube-ios-player-helper/youtube_ios_player_helper.framework",
			);
			name = "[CP] Embed Pods Frameworks";
			outputPaths = (
				"${TARGET_BUILD_DIR}/${FRAMEWORKS_FOLDER_PATH}/GTMOAuth2.framework",
				"${TARGET_BUILD_DIR}/${FRAMEWORKS_FOLDER_PATH}/GTMSessionFetcher.framework",
				"${TARGET_BUILD_DIR}/${FRAMEWORKS_FOLDER_PATH}/GoogleAPIClientForREST.framework",
				"${TARGET_BUILD_DIR}/${FRAMEWORKS_FOLDER_PATH}/GoogleToolboxForMac.framework",
				"${TARGET_BUILD_DIR}/${FRAMEWORKS_FOLDER_PATH}/MBProgressHUD.framework",
				"${TARGET_BUILD_DIR}/${FRAMEWORKS_FOLDER_PATH}/ObjectMapper.framework",
				"${TARGET_BUILD_DIR}/${FRAMEWORKS_FOLDER_PATH}/SDWebImage.framework",
				"${TARGET_BUILD_DIR}/${FRAMEWORKS_FOLDER_PATH}/SwiftyJSON.framework",
				"${TARGET_BUILD_DIR}/${FRAMEWORKS_FOLDER_PATH}/UIImageViewAlignedSwift.framework",
				"${TARGET_BUILD_DIR}/${FRAMEWORKS_FOLDER_PATH}/youtube_ios_player_helper.framework",
			);
			runOnlyForDeploymentPostprocessing = 0;
			shellPath = /bin/sh;
			shellScript = "\"${SRCROOT}/Pods/Target Support Files/Pods-VOCABULARY/Pods-VOCABULARY-frameworks.sh\"\n";
			showEnvVarsInLog = 0;
		};
		464512C96FA24D25DCEE347B /* [CP] Check Pods Manifest.lock */ = {
			isa = PBXShellScriptBuildPhase;
			buildActionMask = 2147483647;
			files = (
			);
			inputPaths = (
				"${PODS_PODFILE_DIR_PATH}/Podfile.lock",
				"${PODS_ROOT}/Manifest.lock",
			);
			name = "[CP] Check Pods Manifest.lock";
			outputPaths = (
				"$(DERIVED_FILE_DIR)/Pods-VOCABULARYTests-checkManifestLockResult.txt",
			);
			runOnlyForDeploymentPostprocessing = 0;
			shellPath = /bin/sh;
			shellScript = "diff \"${PODS_PODFILE_DIR_PATH}/Podfile.lock\" \"${PODS_ROOT}/Manifest.lock\" > /dev/null\nif [ $? != 0 ] ; then\n    # print error to STDERR\n    echo \"error: The sandbox is not in sync with the Podfile.lock. Run 'pod install' or update your CocoaPods installation.\" >&2\n    exit 1\nfi\n# This output is used by Xcode 'outputs' to avoid re-running this script phase.\necho \"SUCCESS\" > \"${SCRIPT_OUTPUT_FILE_0}\"\n";
			showEnvVarsInLog = 0;
		};
		603D0C9B5FBEB073834FDC18 /* [CP] Copy Pods Resources */ = {
			isa = PBXShellScriptBuildPhase;
			buildActionMask = 2147483647;
			files = (
			);
			inputPaths = (
				"${SRCROOT}/Pods/Target Support Files/Pods-VOCABULARY/Pods-VOCABULARY-resources.sh",
				"${PODS_ROOT}/GoogleSignIn/Resources/GoogleSignIn.bundle",
			);
			name = "[CP] Copy Pods Resources";
			outputPaths = (
				"${TARGET_BUILD_DIR}/${UNLOCALIZED_RESOURCES_FOLDER_PATH}/GoogleSignIn.bundle",
			);
			runOnlyForDeploymentPostprocessing = 0;
			shellPath = /bin/sh;
			shellScript = "\"${SRCROOT}/Pods/Target Support Files/Pods-VOCABULARY/Pods-VOCABULARY-resources.sh\"\n";
			showEnvVarsInLog = 0;
		};
		7643473FC38AE9D2F3BFCAD0 /* [CP] Check Pods Manifest.lock */ = {
			isa = PBXShellScriptBuildPhase;
			buildActionMask = 2147483647;
			files = (
			);
			inputPaths = (
				"${PODS_PODFILE_DIR_PATH}/Podfile.lock",
				"${PODS_ROOT}/Manifest.lock",
			);
			name = "[CP] Check Pods Manifest.lock";
			outputPaths = (
				"$(DERIVED_FILE_DIR)/Pods-VOCABULARYUITests-checkManifestLockResult.txt",
			);
			runOnlyForDeploymentPostprocessing = 0;
			shellPath = /bin/sh;
			shellScript = "diff \"${PODS_PODFILE_DIR_PATH}/Podfile.lock\" \"${PODS_ROOT}/Manifest.lock\" > /dev/null\nif [ $? != 0 ] ; then\n    # print error to STDERR\n    echo \"error: The sandbox is not in sync with the Podfile.lock. Run 'pod install' or update your CocoaPods installation.\" >&2\n    exit 1\nfi\n# This output is used by Xcode 'outputs' to avoid re-running this script phase.\necho \"SUCCESS\" > \"${SCRIPT_OUTPUT_FILE_0}\"\n";
			showEnvVarsInLog = 0;
		};
		DB16DF2976FF71C25B68F904 /* [CP] Check Pods Manifest.lock */ = {
			isa = PBXShellScriptBuildPhase;
			buildActionMask = 2147483647;
			files = (
			);
			inputPaths = (
				"${PODS_PODFILE_DIR_PATH}/Podfile.lock",
				"${PODS_ROOT}/Manifest.lock",
			);
			name = "[CP] Check Pods Manifest.lock";
			outputPaths = (
				"$(DERIVED_FILE_DIR)/Pods-VOCABULARY-checkManifestLockResult.txt",
			);
			runOnlyForDeploymentPostprocessing = 0;
			shellPath = /bin/sh;
			shellScript = "diff \"${PODS_PODFILE_DIR_PATH}/Podfile.lock\" \"${PODS_ROOT}/Manifest.lock\" > /dev/null\nif [ $? != 0 ] ; then\n    # print error to STDERR\n    echo \"error: The sandbox is not in sync with the Podfile.lock. Run 'pod install' or update your CocoaPods installation.\" >&2\n    exit 1\nfi\n# This output is used by Xcode 'outputs' to avoid re-running this script phase.\necho \"SUCCESS\" > \"${SCRIPT_OUTPUT_FILE_0}\"\n";
			showEnvVarsInLog = 0;
		};
/* End PBXShellScriptBuildPhase section */

/* Begin PBXSourcesBuildPhase section */
		CD86C6B420A6892500170E04 /* Sources */ = {
			isa = PBXSourcesBuildPhase;
			buildActionMask = 2147483647;
			files = (
				CD9EC01A20A6AD7D00C2B076 /* Extention_UIView.swift in Sources */,
				CD9EC01320A69CB200C2B076 /* TabMainViewController.swift in Sources */,
				CD9EC01520A6A4CC00C2B076 /* CardWordCell.swift in Sources */,
				0498418920B2ADCE00447BE9 /* PracticeViewController.swift in Sources */,
				04260C8A20BC061800EE5AFF /* GameViewController.swift in Sources */,
				CD86C6BE20A6892500170E04 /* Game5ViewController.swift in Sources */,
				04260C8820BBF80100EE5AFF /* ImgCell.swift in Sources */,
				CD86C6BC20A6892500170E04 /* AppDelegate.swift in Sources */,
				04A5C49520AC085700664884 /* DetailCardViewController.swift in Sources */,
				CD988E0620A6BA17001A484C /* APIService.swift in Sources */,
				CD988E0A20A7F123001A484C /* ItemCard.swift in Sources */,
				04260C8120BBB4B300EE5AFF /* ShowCardViewController.swift in Sources */,
				04260C8620BBF47100EE5AFF /* ChooseImageCell.swift in Sources */,
			);
			runOnlyForDeploymentPostprocessing = 0;
		};
		CD86C6C820A6892500170E04 /* Sources */ = {
			isa = PBXSourcesBuildPhase;
			buildActionMask = 2147483647;
			files = (
				CD86C6D120A6892500170E04 /* VOCABULARYTests.swift in Sources */,
			);
			runOnlyForDeploymentPostprocessing = 0;
		};
		CD86C6D320A6892500170E04 /* Sources */ = {
			isa = PBXSourcesBuildPhase;
			buildActionMask = 2147483647;
			files = (
				CD86C6DC20A6892500170E04 /* VOCABULARYUITests.swift in Sources */,
			);
			runOnlyForDeploymentPostprocessing = 0;
		};
/* End PBXSourcesBuildPhase section */

/* Begin PBXTargetDependency section */
		CD86C6CE20A6892500170E04 /* PBXTargetDependency */ = {
			isa = PBXTargetDependency;
			target = CD86C6B720A6892500170E04 /* VOCABULARY */;
			targetProxy = CD86C6CD20A6892500170E04 /* PBXContainerItemProxy */;
		};
		CD86C6D920A6892500170E04 /* PBXTargetDependency */ = {
			isa = PBXTargetDependency;
			target = CD86C6B720A6892500170E04 /* VOCABULARY */;
			targetProxy = CD86C6D820A6892500170E04 /* PBXContainerItemProxy */;
		};
/* End PBXTargetDependency section */

/* Begin PBXVariantGroup section */
		CD86C6BF20A6892500170E04 /* Main.storyboard */ = {
			isa = PBXVariantGroup;
			children = (
				CD86C6C020A6892500170E04 /* Base */,
			);
			name = Main.storyboard;
			sourceTree = "<group>";
		};
		CD86C6C420A6892500170E04 /* LaunchScreen.storyboard */ = {
			isa = PBXVariantGroup;
			children = (
				CD86C6C520A6892500170E04 /* Base */,
			);
			name = LaunchScreen.storyboard;
			sourceTree = "<group>";
		};
/* End PBXVariantGroup section */

/* Begin XCBuildConfiguration section */
		CD86C6DE20A6892500170E04 /* Debug */ = {
			isa = XCBuildConfiguration;
			buildSettings = {
				ALWAYS_SEARCH_USER_PATHS = NO;
				CLANG_ANALYZER_NONNULL = YES;
				CLANG_ANALYZER_NUMBER_OBJECT_CONVERSION = YES_AGGRESSIVE;
				CLANG_CXX_LANGUAGE_STANDARD = "gnu++14";
				CLANG_CXX_LIBRARY = "libc++";
				CLANG_ENABLE_MODULES = YES;
				CLANG_ENABLE_OBJC_ARC = YES;
				CLANG_WARN_BLOCK_CAPTURE_AUTORELEASING = YES;
				CLANG_WARN_BOOL_CONVERSION = YES;
				CLANG_WARN_COMMA = YES;
				CLANG_WARN_CONSTANT_CONVERSION = YES;
				CLANG_WARN_DEPRECATED_OBJC_IMPLEMENTATIONS = YES;
				CLANG_WARN_DIRECT_OBJC_ISA_USAGE = YES_ERROR;
				CLANG_WARN_DOCUMENTATION_COMMENTS = YES;
				CLANG_WARN_EMPTY_BODY = YES;
				CLANG_WARN_ENUM_CONVERSION = YES;
				CLANG_WARN_INFINITE_RECURSION = YES;
				CLANG_WARN_INT_CONVERSION = YES;
				CLANG_WARN_NON_LITERAL_NULL_CONVERSION = YES;
				CLANG_WARN_OBJC_IMPLICIT_RETAIN_SELF = YES;
				CLANG_WARN_OBJC_LITERAL_CONVERSION = YES;
				CLANG_WARN_OBJC_ROOT_CLASS = YES_ERROR;
				CLANG_WARN_RANGE_LOOP_ANALYSIS = YES;
				CLANG_WARN_STRICT_PROTOTYPES = YES;
				CLANG_WARN_SUSPICIOUS_MOVE = YES;
				CLANG_WARN_UNGUARDED_AVAILABILITY = YES_AGGRESSIVE;
				CLANG_WARN_UNREACHABLE_CODE = YES;
				CLANG_WARN__DUPLICATE_METHOD_MATCH = YES;
				CODE_SIGN_IDENTITY = "iPhone Developer";
				COPY_PHASE_STRIP = NO;
				DEBUG_INFORMATION_FORMAT = dwarf;
				ENABLE_STRICT_OBJC_MSGSEND = YES;
				ENABLE_TESTABILITY = YES;
				GCC_C_LANGUAGE_STANDARD = gnu11;
				GCC_DYNAMIC_NO_PIC = NO;
				GCC_NO_COMMON_BLOCKS = YES;
				GCC_OPTIMIZATION_LEVEL = 0;
				GCC_PREPROCESSOR_DEFINITIONS = (
					"DEBUG=1",
					"$(inherited)",
				);
				GCC_WARN_64_TO_32_BIT_CONVERSION = YES;
				GCC_WARN_ABOUT_RETURN_TYPE = YES_ERROR;
				GCC_WARN_UNDECLARED_SELECTOR = YES;
				GCC_WARN_UNINITIALIZED_AUTOS = YES_AGGRESSIVE;
				GCC_WARN_UNUSED_FUNCTION = YES;
				GCC_WARN_UNUSED_VARIABLE = YES;
				IPHONEOS_DEPLOYMENT_TARGET = 11.2;
				MTL_ENABLE_DEBUG_INFO = YES;
				ONLY_ACTIVE_ARCH = YES;
				SDKROOT = iphoneos;
				SWIFT_ACTIVE_COMPILATION_CONDITIONS = DEBUG;
				SWIFT_OPTIMIZATION_LEVEL = "-Onone";
			};
			name = Debug;
		};
		CD86C6DF20A6892500170E04 /* Release */ = {
			isa = XCBuildConfiguration;
			buildSettings = {
				ALWAYS_SEARCH_USER_PATHS = NO;
				CLANG_ANALYZER_NONNULL = YES;
				CLANG_ANALYZER_NUMBER_OBJECT_CONVERSION = YES_AGGRESSIVE;
				CLANG_CXX_LANGUAGE_STANDARD = "gnu++14";
				CLANG_CXX_LIBRARY = "libc++";
				CLANG_ENABLE_MODULES = YES;
				CLANG_ENABLE_OBJC_ARC = YES;
				CLANG_WARN_BLOCK_CAPTURE_AUTORELEASING = YES;
				CLANG_WARN_BOOL_CONVERSION = YES;
				CLANG_WARN_COMMA = YES;
				CLANG_WARN_CONSTANT_CONVERSION = YES;
				CLANG_WARN_DEPRECATED_OBJC_IMPLEMENTATIONS = YES;
				CLANG_WARN_DIRECT_OBJC_ISA_USAGE = YES_ERROR;
				CLANG_WARN_DOCUMENTATION_COMMENTS = YES;
				CLANG_WARN_EMPTY_BODY = YES;
				CLANG_WARN_ENUM_CONVERSION = YES;
				CLANG_WARN_INFINITE_RECURSION = YES;
				CLANG_WARN_INT_CONVERSION = YES;
				CLANG_WARN_NON_LITERAL_NULL_CONVERSION = YES;
				CLANG_WARN_OBJC_IMPLICIT_RETAIN_SELF = YES;
				CLANG_WARN_OBJC_LITERAL_CONVERSION = YES;
				CLANG_WARN_OBJC_ROOT_CLASS = YES_ERROR;
				CLANG_WARN_RANGE_LOOP_ANALYSIS = YES;
				CLANG_WARN_STRICT_PROTOTYPES = YES;
				CLANG_WARN_SUSPICIOUS_MOVE = YES;
				CLANG_WARN_UNGUARDED_AVAILABILITY = YES_AGGRESSIVE;
				CLANG_WARN_UNREACHABLE_CODE = YES;
				CLANG_WARN__DUPLICATE_METHOD_MATCH = YES;
				CODE_SIGN_IDENTITY = "iPhone Developer";
				COPY_PHASE_STRIP = NO;
				DEBUG_INFORMATION_FORMAT = "dwarf-with-dsym";
				ENABLE_NS_ASSERTIONS = NO;
				ENABLE_STRICT_OBJC_MSGSEND = YES;
				GCC_C_LANGUAGE_STANDARD = gnu11;
				GCC_NO_COMMON_BLOCKS = YES;
				GCC_WARN_64_TO_32_BIT_CONVERSION = YES;
				GCC_WARN_ABOUT_RETURN_TYPE = YES_ERROR;
				GCC_WARN_UNDECLARED_SELECTOR = YES;
				GCC_WARN_UNINITIALIZED_AUTOS = YES_AGGRESSIVE;
				GCC_WARN_UNUSED_FUNCTION = YES;
				GCC_WARN_UNUSED_VARIABLE = YES;
				IPHONEOS_DEPLOYMENT_TARGET = 11.2;
				MTL_ENABLE_DEBUG_INFO = NO;
				SDKROOT = iphoneos;
				SWIFT_OPTIMIZATION_LEVEL = "-Owholemodule";
				VALIDATE_PRODUCT = YES;
			};
			name = Release;
		};
		CD86C6E120A6892500170E04 /* Debug */ = {
			isa = XCBuildConfiguration;
			baseConfigurationReference = 71C1941DED379D52FE94646D /* Pods-VOCABULARY.debug.xcconfig */;
			buildSettings = {
				ASSETCATALOG_COMPILER_APPICON_NAME = AppIcon;
				CODE_SIGN_STYLE = Automatic;
				DEVELOPMENT_TEAM = HE66KTG5ES;
				INFOPLIST_FILE = VOCABULARY/Info.plist;
				LD_RUNPATH_SEARCH_PATHS = "$(inherited) @executable_path/Frameworks";
				PRODUCT_BUNDLE_IDENTIFIER = com.swiftExample.VOCABULARY;
				PRODUCT_NAME = "$(TARGET_NAME)";
				SWIFT_VERSION = 4.0;
				TARGETED_DEVICE_FAMILY = "1,2";
			};
			name = Debug;
		};
		CD86C6E220A6892500170E04 /* Release */ = {
			isa = XCBuildConfiguration;
			baseConfigurationReference = D89EA9E4FFE16A1C04C131D8 /* Pods-VOCABULARY.release.xcconfig */;
			buildSettings = {
				ASSETCATALOG_COMPILER_APPICON_NAME = AppIcon;
				CODE_SIGN_STYLE = Automatic;
				DEVELOPMENT_TEAM = HE66KTG5ES;
				INFOPLIST_FILE = VOCABULARY/Info.plist;
				LD_RUNPATH_SEARCH_PATHS = "$(inherited) @executable_path/Frameworks";
				PRODUCT_BUNDLE_IDENTIFIER = com.swiftExample.VOCABULARY;
				PRODUCT_NAME = "$(TARGET_NAME)";
				SWIFT_VERSION = 4.0;
				TARGETED_DEVICE_FAMILY = "1,2";
			};
			name = Release;
		};
		CD86C6E420A6892500170E04 /* Debug */ = {
			isa = XCBuildConfiguration;
			baseConfigurationReference = 349DCB81B5A3287DB539D9AE /* Pods-VOCABULARYTests.debug.xcconfig */;
			buildSettings = {
				ALWAYS_EMBED_SWIFT_STANDARD_LIBRARIES = YES;
				BUNDLE_LOADER = "$(TEST_HOST)";
				CODE_SIGN_STYLE = Automatic;
				DEVELOPMENT_TEAM = HE66KTG5ES;
				INFOPLIST_FILE = VOCABULARYTests/Info.plist;
				LD_RUNPATH_SEARCH_PATHS = "$(inherited) @executable_path/Frameworks @loader_path/Frameworks";
				PRODUCT_BUNDLE_IDENTIFIER = com.swiftExample.VOCABULARYTests;
				PRODUCT_NAME = "$(TARGET_NAME)";
				SWIFT_VERSION = 4.0;
				TARGETED_DEVICE_FAMILY = "1,2";
				TEST_HOST = "$(BUILT_PRODUCTS_DIR)/VOCABULARY.app/VOCABULARY";
			};
			name = Debug;
		};
		CD86C6E520A6892500170E04 /* Release */ = {
			isa = XCBuildConfiguration;
			baseConfigurationReference = A03AE48C2254AF030C182D4F /* Pods-VOCABULARYTests.release.xcconfig */;
			buildSettings = {
				ALWAYS_EMBED_SWIFT_STANDARD_LIBRARIES = YES;
				BUNDLE_LOADER = "$(TEST_HOST)";
				CODE_SIGN_STYLE = Automatic;
				DEVELOPMENT_TEAM = HE66KTG5ES;
				INFOPLIST_FILE = VOCABULARYTests/Info.plist;
				LD_RUNPATH_SEARCH_PATHS = "$(inherited) @executable_path/Frameworks @loader_path/Frameworks";
				PRODUCT_BUNDLE_IDENTIFIER = com.swiftExample.VOCABULARYTests;
				PRODUCT_NAME = "$(TARGET_NAME)";
				SWIFT_VERSION = 4.0;
				TARGETED_DEVICE_FAMILY = "1,2";
				TEST_HOST = "$(BUILT_PRODUCTS_DIR)/VOCABULARY.app/VOCABULARY";
			};
			name = Release;
		};
		CD86C6E720A6892500170E04 /* Debug */ = {
			isa = XCBuildConfiguration;
			baseConfigurationReference = 613E54166F6351F9ADDFC3BE /* Pods-VOCABULARYUITests.debug.xcconfig */;
			buildSettings = {
				ALWAYS_EMBED_SWIFT_STANDARD_LIBRARIES = YES;
				CODE_SIGN_STYLE = Automatic;
				DEVELOPMENT_TEAM = HE66KTG5ES;
				INFOPLIST_FILE = VOCABULARYUITests/Info.plist;
				LD_RUNPATH_SEARCH_PATHS = "$(inherited) @executable_path/Frameworks @loader_path/Frameworks";
				PRODUCT_BUNDLE_IDENTIFIER = com.swiftExample.VOCABULARYUITests;
				PRODUCT_NAME = "$(TARGET_NAME)";
				SWIFT_VERSION = 4.0;
				TARGETED_DEVICE_FAMILY = "1,2";
				TEST_TARGET_NAME = VOCABULARY;
			};
			name = Debug;
		};
		CD86C6E820A6892500170E04 /* Release */ = {
			isa = XCBuildConfiguration;
			baseConfigurationReference = 5C7DB03A82FD3C96C9FE2795 /* Pods-VOCABULARYUITests.release.xcconfig */;
			buildSettings = {
				ALWAYS_EMBED_SWIFT_STANDARD_LIBRARIES = YES;
				CODE_SIGN_STYLE = Automatic;
				DEVELOPMENT_TEAM = HE66KTG5ES;
				INFOPLIST_FILE = VOCABULARYUITests/Info.plist;
				LD_RUNPATH_SEARCH_PATHS = "$(inherited) @executable_path/Frameworks @loader_path/Frameworks";
				PRODUCT_BUNDLE_IDENTIFIER = com.swiftExample.VOCABULARYUITests;
				PRODUCT_NAME = "$(TARGET_NAME)";
				SWIFT_VERSION = 4.0;
				TARGETED_DEVICE_FAMILY = "1,2";
				TEST_TARGET_NAME = VOCABULARY;
			};
			name = Release;
		};
/* End XCBuildConfiguration section */

/* Begin XCConfigurationList section */
		CD86C6B320A6892500170E04 /* Build configuration list for PBXProject "VOCABULARY" */ = {
			isa = XCConfigurationList;
			buildConfigurations = (
				CD86C6DE20A6892500170E04 /* Debug */,
				CD86C6DF20A6892500170E04 /* Release */,
			);
			defaultConfigurationIsVisible = 0;
			defaultConfigurationName = Release;
		};
		CD86C6E020A6892500170E04 /* Build configuration list for PBXNativeTarget "VOCABULARY" */ = {
			isa = XCConfigurationList;
			buildConfigurations = (
				CD86C6E120A6892500170E04 /* Debug */,
				CD86C6E220A6892500170E04 /* Release */,
			);
			defaultConfigurationIsVisible = 0;
			defaultConfigurationName = Release;
		};
		CD86C6E320A6892500170E04 /* Build configuration list for PBXNativeTarget "VOCABULARYTests" */ = {
			isa = XCConfigurationList;
			buildConfigurations = (
				CD86C6E420A6892500170E04 /* Debug */,
				CD86C6E520A6892500170E04 /* Release */,
			);
			defaultConfigurationIsVisible = 0;
			defaultConfigurationName = Release;
		};
		CD86C6E620A6892500170E04 /* Build configuration list for PBXNativeTarget "VOCABULARYUITests" */ = {
			isa = XCConfigurationList;
			buildConfigurations = (
				CD86C6E720A6892500170E04 /* Debug */,
				CD86C6E820A6892500170E04 /* Release */,
			);
			defaultConfigurationIsVisible = 0;
			defaultConfigurationName = Release;
		};
/* End XCConfigurationList section */
	};
	rootObject = CD86C6B020A6892500170E04 /* Project object */;
}
